
Microsoft Visual Studio Solution File, Format Version 12.00
# Visual Studio Version 17
VisualStudioVersion = 17.4.33205.214
MinimumVisualStudioVersion = 10.0.40219.1
Project("{9A19103F-16F7-4668-BE54-9A1E7A4F7556}") = "TagBites.Text.Markdown", "src\TagBites.Text.Markdown\TagBites.Text.Markdown.csproj", "{1035955E-2C67-450B-B6A3-90EA111F637B}"
EndProject
Project("{2150E333-8FDC-42A3-9474-1A3956D46DE8}") = "Solution Items", "Solution Items", "{62CB84CB-ABBE-4834-BBD3-9084940552FE}"
	ProjectSection(SolutionItems) = preProject
		.editorconfig = .editorconfig
		.gitignore = .gitignore
		Directory.Build.props = Directory.Build.props
		Directory.Build.targets = Directory.Build.targets
		Package.props = Package.props
		README.md = README.md
		Version.props = Version.props
	EndProjectSection
EndProject
Global
	GlobalSection(SolutionConfigurationPlatforms) = preSolution
		Debug|Any CPU = Debug|Any CPU
		Release|Any CPU = Release|Any CPU
	EndGlobalSection
	GlobalSection(ProjectConfigurationPlatforms) = postSolution
		{1035955E-2C67-450B-B6A3-90EA111F637B}.Debug|Any CPU.ActiveCfg = Debug|Any CPU
		{1035955E-2C67-450B-B6A3-90EA111F637B}.Debug|Any CPU.Build.0 = Debug|Any CPU
		{1035955E-2C67-450B-B6A3-90EA111F637B}.Release|Any CPU.ActiveCfg = Release|Any CPU
		{1035955E-2C67-450B-B6A3-90EA111F637B}.Release|Any CPU.Build.0 = Release|Any CPU
	EndGlobalSection
	GlobalSection(SolutionProperties) = preSolution
		HideSolutionNode = FALSE
	EndGlobalSection
	GlobalSection(ExtensibilityGlobals) = postSolution
		SolutionGuid = {4C4ED72A-E0F0-44B5-8F52-EBB27C7E235B}
	EndGlobalSection
EndGlobal
