<Solution>
  <Configurations>
    <Platform Name="Any CPU" />
    <Platform Name="x64" />
    <Platform Name="x86" />
  </Configurations>
  <Folder Name="/.github/">
    <File Path=".github/workflows/build-and-test.yml" />
    <File Path=".github/workflows/publish-preview.yml" />
    <File Path=".github/workflows/publish.yml" />
  </Folder>
  <Folder Name="/.root/">
    <File Path=".editorconfig" />
    <File Path=".gitignore" />
    <File Path="Directory.Build.props" />
    <File Path="Directory.Build.targets" />
    <File Path="global.json" />
    <File Path="LICENSE" />
    <File Path="README.md" />
  </Folder>
  <Project Path="src/TagBites.Text.Markdown/TagBites.Text.Markdown.csproj" />
</Solution>
